{"1.2.0",
[{<<"backoff">>,{pkg,<<"backoff">>,<<"1.1.6">>},2},
 {<<"bcrypt">>,{pkg,<<"bcrypt">>,<<"1.1.3">>},0},
 {<<"cache">>,{pkg,<<"cache">>,<<"2.2.0">>},2},
 {<<"counters">>,{pkg,<<"counters">>,<<"0.2.1">>},3},
 {<<"cowboy">>,
  {git,"https://github.com/ninenines/cowboy.git",
       {ref,"326939c8a8cf1e4a441601fe557ba97d11ccea3c"}},
  0},
 {<<"cowlib">>,
  {git,"https://github.com/ninenines/cowlib",
       {ref,"cc04201c1d0e1d5603cd1cde037ab729b192634c"}},
  1},
 {<<"ctx">>,{pkg,<<"ctx">>,<<"0.6.0">>},3},
 {<<"dbi">>,{pkg,<<"dbi">>,<<"1.0.2">>},1},
 {<<"dbi_pgo">>,{pkg,<<"dbi_pgo">>,<<"0.1.0">>},0},
 {<<"dbi_pgsql">>,{pkg,<<"dbi_pgsql">>,<<"0.1.1">>},0},
 {<<"ejson">>,
  {git,"https://github.com/jonasrichard/ejson.git",
       {ref,"5838272523e7acb9012c7c5334bad98c69b481af"}},
  0},
 {<<"entropy_string">>,
  {git,"https://github.com/EntropyString/Erlang.git",
       {ref,"e51dde053fe1cfe88256c84921e9b3d51c9942d7"}},
  0},
 {<<"epgsql">>,{pkg,<<"epgsql">>,<<"3.4.0">>},1},
 {<<"eql">>,{pkg,<<"eql">>,<<"0.1.2">>},2},
 {<<"jsx">>,{pkg,<<"jsx">>,<<"3.1.0">>},0},
 {<<"opencensus">>,{pkg,<<"opencensus">>,<<"0.9.3">>},2},
 {<<"pgo">>,{pkg,<<"pgo">>,<<"0.2.0">>},1},
 {<<"poolboy">>,{pkg,<<"poolboy">>,<<"1.5.1">>},1},
 {<<"ranch">>,
  {git,"https://github.com/ninenines/ranch",
       {ref,"a692f44567034dacf5efcaa24a24183788594eb7"}},
  1},
 {<<"wts">>,{pkg,<<"wts">>,<<"0.4.0">>},3}]}.
[
{pkg_hash,[
 {<<"backoff">>, <<"83B72ED2108BA1EE8F7D1C22E0B4A00CFE3593A67DBC792799E8CCE9F42F796B">>},
 {<<"bcrypt">>, <<"7D8CC4123E63DB12AB796112EE34891205D2E6DF788B72E823E81D8D37629861">>},
 {<<"cache">>, <<"3C11DBF4CD8FCD5787C95A5FB2A04038E3729CFCA0386016EEA8C953AB48A5AB">>},
 {<<"counters">>, <<"AA3D97E88F92573488987193D0F48EFCE0F3B2CD1443BF4EE760BC7F99322F0C">>},
 {<<"ctx">>, <<"8FF88B70E6400C4DF90142E7F130625B82086077A45364A78D208ED3ED53C7FE">>},
 {<<"dbi">>, <<"1CB0D861B8C423EB2FC9059E00A9BD8539FD956EC66A88B4A05F71468F2CBA5E">>},
 {<<"dbi_pgo">>, <<"A341841C6E2852BA9CA5481916F124631701D498686609088B72E39567140DB3">>},
 {<<"dbi_pgsql">>, <<"EA5D77D4EF8316E4256A66D66426B798FD922BE03D35E341ED2EB5DFE5B0C36A">>},
 {<<"epgsql">>, <<"39D473B83D74329A88F8FB1F99AD24C7A2329FD753957C488808CB7C0FC8164E">>},
 {<<"eql">>, <<"C95D7E9635A914A9C70983129F4D86DC5DA70877F39F01785C274DA35BE45AD4">>},
 {<<"jsx">>, <<"D12516BAA0BB23A59BB35DCCAF02A1BD08243FCBB9EFE24F2D9D056CCFF71268">>},
 {<<"opencensus">>, <<"A7BB2771B40593F8513FC14EB70D822E88BEA1B2FB552E19A1E2E6F98371427A">>},
 {<<"pgo">>, <<"C2D50F7AF14EDBA3B122101EF7ED1ACDABE82A5FBBA558BB2C890D542CF3A292">>},
 {<<"poolboy">>, <<"6B46163901CFD0A1B43D692657ED9D7E599853B3B21B95AE5AE0A777CF9B6CA8">>},
 {<<"wts">>, <<"62D9DC400AD29F0D233F0665B9C75C8F8EB0A8AF75EEC921056BA4A73B0605A2">>}]},
{pkg_hash_ext,[
 {<<"backoff">>, <<"CF0CFFF8995FB20562F822E5CC47D8CCF664C5ECDC26A684CBE85C225F9D7C39">>},
 {<<"bcrypt">>, <<"7FF89B21EC54DBA7095C5CE429D7C504E6CBF6E76423A5C91724577C3CE968E0">>},
 {<<"cache">>, <<"3E7D6706DE5DF76C4D71C895B4BE62B01C3DE6EDB63197035E465C3BCE63F19B">>},
 {<<"counters">>, <<"A020C714992F7DB89178D27E1F39909E5D77DA3B80DAA4D6015877ED0C94B8AB">>},
 {<<"ctx">>, <<"A14ED2D1B67723DBEBBE423B28D7615EB0BDCBA6FF28F2D1F1B0A7E1D4AA5FC2">>},
 {<<"dbi">>, <<"07A4B9043211F37D04A20C9E2B94C59680F3BA8D0858CB672506BAB37BA5994C">>},
 {<<"dbi_pgo">>, <<"AC58CF0CC9C7CED426E6B0DD37D66D4418588905486C8ADF013EDF5854618F61">>},
 {<<"dbi_pgsql">>, <<"9202C89DF40AA2A7A90F5FAFAEFADD37291089AD17423B1F32DF6B11B324261D">>},
 {<<"epgsql">>, <<"5D370C2B007888E1009F27CD7AB346EC4000DC14BF3AD190029BDA19AB9D782D">>},
 {<<"eql">>, <<"3B1A85C491D44262802058C0DE97A2C90678D5D45851B88A076B1A45A8D6D4B3">>},
 {<<"jsx">>, <<"0C5CC8FDC11B53CC25CF65AC6705AD39E54ECC56D1C22E4ADB8F5A53FB9427F3">>},
 {<<"opencensus">>, <<"9495B4FA817F10A7CDF8B69CCA929470AEDA0633A04EA18CFF6A0A9EA03A03E9">>},
 {<<"pgo">>, <<"BF0296B90CFDF6A0AE4753A3D243C8DE3BC4707FC573DDEF9AF5F81402440D09">>},
 {<<"poolboy">>, <<"8F7168911120E13419E086E78D20E4D1A6776F1EEE2411AC9F790AF10813389F">>},
 {<<"wts">>, <<"711BB675DE2CE2B3EBAB80A613AC93B994F74DF44AF4CFF7970DC9EEBE724869">>}]}
].
